
Microsoft Visual Studio Solution File, Format Version 12.00
# Visual Studio Version 16
VisualStudioVersion = 16.0.31624.102
MinimumVisualStudioVersion = 10.0.40219.1
Project("{FAE04EC0-301F-11D3-BF4B-00C04F79EFBC}") = "Lab05_MDIform_B200900802", "Lab05_MDIform_B200900802\Lab05_MDIform_B200900802.csproj", "{76AB0721-01D7-4C38-B109-26F774EE3E79}"
EndProject
Global
	GlobalSection(SolutionConfigurationPlatforms) = preSolution
		Debug|Any CPU = Debug|Any CPU
		Release|Any CPU = Release|Any CPU
	EndGlobalSection
	GlobalSection(ProjectConfigurationPlatforms) = postSolution
		{76AB0721-01D7-4C38-B109-26F774EE3E79}.Debug|Any CPU.ActiveCfg = Debug|Any CPU
		{76AB0721-01D7-4C38-B109-26F774EE3E79}.Debug|Any CPU.Build.0 = Debug|Any CPU
		{76AB0721-01D7-4C38-B109-26F774EE3E79}.Release|Any CPU.ActiveCfg = Release|Any CPU
		{76AB0721-01D7-4C38-B109-26F774EE3E79}.Release|Any CPU.Build.0 = Release|Any CPU
	EndGlobalSection
	GlobalSection(SolutionProperties) = preSolution
		HideSolutionNode = FALSE
	EndGlobalSection
	GlobalSection(ExtensibilityGlobals) = postSolution
		SolutionGuid = {09A0A371-151E-4B55-8965-5BF625BE3CDD}
	EndGlobalSection
EndGlobal
