
Microsoft Visual Studio Solution File, Format Version 12.00
# Visual Studio Version 16
VisualStudioVersion = 16.0.31702.278
MinimumVisualStudioVersion = 10.0.40219.1
Project("{FAE04EC0-301F-11D3-BF4B-00C04F79EFBC}") = "Paint", "Paint\Paint.csproj", "{0915A6B4-DE2C-4EF6-8F49-5960FC3328C8}"
EndProject
Global
	GlobalSection(SolutionConfigurationPlatforms) = preSolution
		Debug|Any CPU = Debug|Any CPU
		Release|Any CPU = Release|Any CPU
	EndGlobalSection
	GlobalSection(ProjectConfigurationPlatforms) = postSolution
		{0915A6B4-DE2C-4EF6-8F49-5960FC3328C8}.Debug|Any CPU.ActiveCfg = Debug|Any CPU
		{0915A6B4-DE2C-4EF6-8F49-5960FC3328C8}.Debug|Any CPU.Build.0 = Debug|Any CPU
		{0915A6B4-DE2C-4EF6-8F49-5960FC3328C8}.Release|Any CPU.ActiveCfg = Release|Any CPU
		{0915A6B4-DE2C-4EF6-8F49-5960FC3328C8}.Release|Any CPU.Build.0 = Release|Any CPU
	EndGlobalSection
	GlobalSection(SolutionProperties) = preSolution
		HideSolutionNode = FALSE
	EndGlobalSection
	GlobalSection(ExtensibilityGlobals) = postSolution
		SolutionGuid = {B8B598AE-10AA-4101-9DDF-AAE73D235812}
	EndGlobalSection
EndGlobal
